
Microsoft Visual Studio Solution File, Format Version 12.00
# Visual Studio Version 17
VisualStudioVersion = 17.9.34902.65
MinimumVisualStudioVersion = 10.0.40219.1
Project("{FAE04EC0-301F-11D3-BF4B-00C04F79EFBC}") = "Earsiv_Portal", "Earsiv_Portal.csproj", "{0CC95D5C-29D2-47CE-AC07-8D77258FA15F}"
EndProject
Global
	GlobalSection(SolutionConfigurationPlatforms) = preSolution
		Debug|Any CPU = Debug|Any CPU
		Release|Any CPU = Release|Any CPU
	EndGlobalSection
	GlobalSection(ProjectConfigurationPlatforms) = postSolution
		{0CC95D5C-29D2-47CE-AC07-8D77258FA15F}.Debug|Any CPU.ActiveCfg = Debug|Any CPU
		{0CC95D5C-29D2-47CE-AC07-8D77258FA15F}.Debug|Any CPU.Build.0 = Debug|Any CPU
		{0CC95D5C-29D2-47CE-AC07-8D77258FA15F}.Release|Any CPU.ActiveCfg = Release|Any CPU
		{0CC95D5C-29D2-47CE-AC07-8D77258FA15F}.Release|Any CPU.Build.0 = Release|Any CPU
	EndGlobalSection
	GlobalSection(SolutionProperties) = preSolution
		HideSolutionNode = FALSE
	EndGlobalSection
	GlobalSection(ExtensibilityGlobals) = postSolution
		SolutionGuid = {E065328A-57A9-42F8-83EF-59DB944C0EB6}
	EndGlobalSection
EndGlobal
